dependencies:
- name: mariadb
  repository: https://groundhog2k.github.io/helm-charts
  version: 0.2.8
- name: postgres
  repository: https://groundhog2k.github.io/helm-charts
  version: 0.2.7
- name: redis
  repository: https://groundhog2k.github.io/helm-charts
  version: 0.2.8
digest: sha256:4f91ed0a625d71d0d891bdfa301fb5cc1b3570bae9f7ed4038b8ec83de697cf7
generated: "2021-01-25T18:51:35.6401078+01:00"
