dependencies:
- name: mariadb
  repository: https://groundhog2k.github.io/helm-charts
  version: 0.2.28
- name: postgres
  repository: https://groundhog2k.github.io/helm-charts
  version: 0.2.25
- name: redis
  repository: https://groundhog2k.github.io/helm-charts
  version: 0.6.14
digest: sha256:cd07e1b9e9f73ec84627a6d34cd6fc22feca240fe5f13a6f572743510827e5cf
generated: "2023-08-15T19:41:42.947505843+02:00"
