dependencies:
- name: mongodb
  repository: https://groundhog2k.github.io/helm-charts
  version: 0.3.17
- name: elasticsearch
  repository: https://groundhog2k.github.io/helm-charts
  version: 0.1.106
digest: sha256:afebf2f1c2f627286e055c783ef0a15fdcfae72f96e683d98d9edd9c91089dc5
generated: "2022-09-30T12:46:24.883029115+02:00"
