dependencies:
- name: mongodb
  repository: https://groundhog2k.github.io/helm-charts
  version: 0.3.20
- name: elasticsearch
  repository: https://groundhog2k.github.io/helm-charts
  version: 0.1.106
digest: sha256:db3f393917b090b380470eadf6893c2109017cf4f471d0b4715749e4677674af
generated: "2022-11-03T18:26:20.415568959+01:00"
