dependencies:
- name: mariadb
  repository: https://groundhog2k.github.io/helm-charts
  version: 0.2.5
- name: postgres
  repository: https://groundhog2k.github.io/helm-charts
  version: 0.2.5
- name: redis
  repository: https://groundhog2k.github.io/helm-charts
  version: 0.2.6
digest: sha256:fa9bed6e6400ef182cdde2faa464830007e6f3d68afd0a9f973d8f9c9d2e79cc
generated: "2021-01-15T17:40:35.2508472+01:00"
