dependencies:
- name: mariadb
  repository: https://groundhog2k.github.io/helm-charts
  version: 0.2.11
- name: postgres
  repository: https://groundhog2k.github.io/helm-charts
  version: 0.2.10
- name: redis
  repository: https://groundhog2k.github.io/helm-charts
  version: 0.4.4
digest: sha256:bc493818b791dc3f085db0a800f3a95cd47fced38f96c478db08c97ff0a7da28
generated: "2021-05-07T09:55:49.2897521+02:00"
