dependencies:
- name: mariadb
  repository: https://groundhog2k.github.io/helm-charts
  version: 0.2.15
- name: postgres
  repository: https://groundhog2k.github.io/helm-charts
  version: 0.2.14
- name: redis
  repository: https://groundhog2k.github.io/helm-charts
  version: 0.4.8
digest: sha256:f5fc24828b7d0db1f61d2613b8d71c6667654856d3a39c7b52262c0a94d0ca6e
generated: "2021-11-12T14:05:46.5711129+01:00"
